
Microsoft Visual Studio Solution File, Format Version 12.00
Project("{FAE04EC0-301F-11D3-BF4B-00C04F79EFBC}") = "Service.Tasks.Data", "src\Service.Tasks.Data\Service.Tasks.Data.csproj", "{1A6E2AC4-A36B-4BF7-AB7F-32B97C3A9291}"
EndProject
Project("{FAE04EC0-301F-11D3-BF4B-00C04F79EFBC}") = "Service.Tasks.Data.Abstractions", "src\Service.Tasks.Data.Abstractions\Service.Tasks.Data.Abstractions.csproj", "{4A223ABF-F3B5-4980-83AB-E2B88B367CA4}"
EndProject
Project("{FAE04EC0-301F-11D3-BF4B-00C04F79EFBC}") = "Service.Tasks.Data.SqlLite", "src\Service.Tasks.Data.SqlLite\Service.Tasks.Data.SqlLite.csproj", "{C396EFD3-01C2-4466-88E5-9AB2ECEE6146}"
EndProject
Project("{FAE04EC0-301F-11D3-BF4B-00C04F79EFBC}") = "Service.Tasks.Domain.Abstractions", "src\Service.Tasks.Domain.Abstractions\Service.Tasks.Domain.Abstractions.csproj", "{985697D2-8E6F-4D65-85A1-CE75B34FEA94}"
EndProject
Project("{FAE04EC0-301F-11D3-BF4B-00C04F79EFBC}") = "Service.Tasks.Shared", "src\Service.Tasks.Shared\Service.Tasks.Shared.csproj", "{30AFD406-4C4D-4231-84AB-B1AB8F026BC4}"
EndProject
Project("{FAE04EC0-301F-11D3-BF4B-00C04F79EFBC}") = "Service.Tasks.Domain", "src\Service.Tasks.Domain\Service.Tasks.Domain.csproj", "{328AB905-C431-480C-BC44-5D52BD761E20}"
EndProject
Project("{FAE04EC0-301F-11D3-BF4B-00C04F79EFBC}") = "Service.Tasks.API.Abstractions", "src\Service.Tasks.API.Abstractions\Service.Tasks.API.Abstractions.csproj", "{A869BB2F-C71E-4893-AFD7-E6D9F02B3B59}"
EndProject
Project("{FAE04EC0-301F-11D3-BF4B-00C04F79EFBC}") = "Service.Tasks.API", "src\Service.Tasks.API\Service.Tasks.API.csproj", "{0514680C-5A4B-4C72-90BC-169B3BB463A0}"
EndProject
Project("{FAE04EC0-301F-11D3-BF4B-00C04F79EFBC}") = "Service.Tasks.UserPasswordHasher", "src\Service.Tasks.UserPasswordHasher\Service.Tasks.UserPasswordHasher.csproj", "{4CB6265D-03E9-4D45-8897-B966B33FED98}"
EndProject
Project("{FAE04EC0-301F-11D3-BF4B-00C04F79EFBC}") = "Service.Tasks.UserPasswordHasher.Abstractions", "src\Service.Tasks.UserPasswordHasher.Abstractions\Service.Tasks.UserPasswordHasher.Abstractions.csproj", "{8EA1904F-DF90-4D48-8E37-BFF114AB4DBD}"
EndProject
Project("{FAE04EC0-301F-11D3-BF4B-00C04F79EFBC}") = "Service.Tasks.UserJwtToken", "src\Service.Tasks.UserJwtToken\Service.Tasks.UserJwtToken.csproj", "{3915FFA5-15AB-4A25-A225-C56C8F43604B}"
EndProject
Project("{FAE04EC0-301F-11D3-BF4B-00C04F79EFBC}") = "Service.Tasks.UserJwtToken.Abstractions", "src\Service.Tasks.UserJwtToken.Abstractions\Service.Tasks.UserJwtToken.Abstractions.csproj", "{A9418766-D480-4F83-A014-39B2E998A002}"
EndProject
Global
	GlobalSection(SolutionConfigurationPlatforms) = preSolution
		Debug|Any CPU = Debug|Any CPU
		Release|Any CPU = Release|Any CPU
	EndGlobalSection
	GlobalSection(ProjectConfigurationPlatforms) = postSolution
		{1A6E2AC4-A36B-4BF7-AB7F-32B97C3A9291}.Debug|Any CPU.ActiveCfg = Debug|Any CPU
		{1A6E2AC4-A36B-4BF7-AB7F-32B97C3A9291}.Debug|Any CPU.Build.0 = Debug|Any CPU
		{1A6E2AC4-A36B-4BF7-AB7F-32B97C3A9291}.Release|Any CPU.ActiveCfg = Release|Any CPU
		{1A6E2AC4-A36B-4BF7-AB7F-32B97C3A9291}.Release|Any CPU.Build.0 = Release|Any CPU
		{4A223ABF-F3B5-4980-83AB-E2B88B367CA4}.Debug|Any CPU.ActiveCfg = Debug|Any CPU
		{4A223ABF-F3B5-4980-83AB-E2B88B367CA4}.Debug|Any CPU.Build.0 = Debug|Any CPU
		{4A223ABF-F3B5-4980-83AB-E2B88B367CA4}.Release|Any CPU.ActiveCfg = Release|Any CPU
		{4A223ABF-F3B5-4980-83AB-E2B88B367CA4}.Release|Any CPU.Build.0 = Release|Any CPU
		{C396EFD3-01C2-4466-88E5-9AB2ECEE6146}.Debug|Any CPU.ActiveCfg = Debug|Any CPU
		{C396EFD3-01C2-4466-88E5-9AB2ECEE6146}.Debug|Any CPU.Build.0 = Debug|Any CPU
		{C396EFD3-01C2-4466-88E5-9AB2ECEE6146}.Release|Any CPU.ActiveCfg = Release|Any CPU
		{C396EFD3-01C2-4466-88E5-9AB2ECEE6146}.Release|Any CPU.Build.0 = Release|Any CPU
		{985697D2-8E6F-4D65-85A1-CE75B34FEA94}.Debug|Any CPU.ActiveCfg = Debug|Any CPU
		{985697D2-8E6F-4D65-85A1-CE75B34FEA94}.Debug|Any CPU.Build.0 = Debug|Any CPU
		{985697D2-8E6F-4D65-85A1-CE75B34FEA94}.Release|Any CPU.ActiveCfg = Release|Any CPU
		{985697D2-8E6F-4D65-85A1-CE75B34FEA94}.Release|Any CPU.Build.0 = Release|Any CPU
		{30AFD406-4C4D-4231-84AB-B1AB8F026BC4}.Debug|Any CPU.ActiveCfg = Debug|Any CPU
		{30AFD406-4C4D-4231-84AB-B1AB8F026BC4}.Debug|Any CPU.Build.0 = Debug|Any CPU
		{30AFD406-4C4D-4231-84AB-B1AB8F026BC4}.Release|Any CPU.ActiveCfg = Release|Any CPU
		{30AFD406-4C4D-4231-84AB-B1AB8F026BC4}.Release|Any CPU.Build.0 = Release|Any CPU
		{328AB905-C431-480C-BC44-5D52BD761E20}.Debug|Any CPU.ActiveCfg = Debug|Any CPU
		{328AB905-C431-480C-BC44-5D52BD761E20}.Debug|Any CPU.Build.0 = Debug|Any CPU
		{328AB905-C431-480C-BC44-5D52BD761E20}.Release|Any CPU.ActiveCfg = Release|Any CPU
		{328AB905-C431-480C-BC44-5D52BD761E20}.Release|Any CPU.Build.0 = Release|Any CPU
		{A869BB2F-C71E-4893-AFD7-E6D9F02B3B59}.Debug|Any CPU.ActiveCfg = Debug|Any CPU
		{A869BB2F-C71E-4893-AFD7-E6D9F02B3B59}.Debug|Any CPU.Build.0 = Debug|Any CPU
		{A869BB2F-C71E-4893-AFD7-E6D9F02B3B59}.Release|Any CPU.ActiveCfg = Release|Any CPU
		{A869BB2F-C71E-4893-AFD7-E6D9F02B3B59}.Release|Any CPU.Build.0 = Release|Any CPU
		{0514680C-5A4B-4C72-90BC-169B3BB463A0}.Debug|Any CPU.ActiveCfg = Debug|Any CPU
		{0514680C-5A4B-4C72-90BC-169B3BB463A0}.Debug|Any CPU.Build.0 = Debug|Any CPU
		{0514680C-5A4B-4C72-90BC-169B3BB463A0}.Release|Any CPU.ActiveCfg = Release|Any CPU
		{0514680C-5A4B-4C72-90BC-169B3BB463A0}.Release|Any CPU.Build.0 = Release|Any CPU
		{4CB6265D-03E9-4D45-8897-B966B33FED98}.Debug|Any CPU.ActiveCfg = Debug|Any CPU
		{4CB6265D-03E9-4D45-8897-B966B33FED98}.Debug|Any CPU.Build.0 = Debug|Any CPU
		{4CB6265D-03E9-4D45-8897-B966B33FED98}.Release|Any CPU.ActiveCfg = Release|Any CPU
		{4CB6265D-03E9-4D45-8897-B966B33FED98}.Release|Any CPU.Build.0 = Release|Any CPU
		{8EA1904F-DF90-4D48-8E37-BFF114AB4DBD}.Debug|Any CPU.ActiveCfg = Debug|Any CPU
		{8EA1904F-DF90-4D48-8E37-BFF114AB4DBD}.Debug|Any CPU.Build.0 = Debug|Any CPU
		{8EA1904F-DF90-4D48-8E37-BFF114AB4DBD}.Release|Any CPU.ActiveCfg = Release|Any CPU
		{8EA1904F-DF90-4D48-8E37-BFF114AB4DBD}.Release|Any CPU.Build.0 = Release|Any CPU
		{3915FFA5-15AB-4A25-A225-C56C8F43604B}.Debug|Any CPU.ActiveCfg = Debug|Any CPU
		{3915FFA5-15AB-4A25-A225-C56C8F43604B}.Debug|Any CPU.Build.0 = Debug|Any CPU
		{3915FFA5-15AB-4A25-A225-C56C8F43604B}.Release|Any CPU.ActiveCfg = Release|Any CPU
		{3915FFA5-15AB-4A25-A225-C56C8F43604B}.Release|Any CPU.Build.0 = Release|Any CPU
		{A9418766-D480-4F83-A014-39B2E998A002}.Debug|Any CPU.ActiveCfg = Debug|Any CPU
		{A9418766-D480-4F83-A014-39B2E998A002}.Debug|Any CPU.Build.0 = Debug|Any CPU
		{A9418766-D480-4F83-A014-39B2E998A002}.Release|Any CPU.ActiveCfg = Release|Any CPU
		{A9418766-D480-4F83-A014-39B2E998A002}.Release|Any CPU.Build.0 = Release|Any CPU
	EndGlobalSection
EndGlobal
